// !$*UTF8*$!
{
	archiveVersion = 1;
	classes = {
	};
	objectVersion = 51;
	objects = {

/* Begin PBXBuildFile section */
		6582800B1A1A4FA3E4FDFA08 /* FeedController.swift in Sources */ = {isa = PBXBuildFile; fileRef = 658284822F2354D8F07B0BA5 /* FeedController.swift */; };
		65828575F7EDC9FB99688EFE /* AudioRecorder.swift in Sources */ = {isa = PBXBuildFile; fileRef = 658281BA5C52F97A8EA240AD /* AudioRecorder.swift */; };
		65828C9B4E1942E6D9EFDB7E /* SpinnerViewController.swift in Sources */ = {isa = PBXBuildFile; fileRef = 658281D8716FBAB3F82EA06C /* SpinnerViewController.swift */; };
		65828E9D4A9DD9B9F6457EEA /* Config.swift in Sources */ = {isa = PBXBuildFile; fileRef = 658284057999777928EC10EE /* Config.swift */; };
		AB3FD8F06A17EBCAD7580022 /* Pods_instapicture.framework in Frameworks */ = {isa = PBXBuildFile; fileRef = EEA2331A1CC361B558F3DE4C /* Pods_instapicture.framework */; };
		E9607951230AFD7500DF0545 /* LoginController.swift in Sources */ = {isa = PBXBuildFile; fileRef = E9607950230AFD7500DF0545 /* LoginController.swift */; };
		E96AF317224F6C3C00ADD2A9 /* AppDelegate.swift in Sources */ = {isa = PBXBuildFile; fileRef = E96AF316224F6C3C00ADD2A9 /* AppDelegate.swift */; };
		E96AF319224F6C3C00ADD2A9 /* ViewController.swift in Sources */ = {isa = PBXBuildFile; fileRef = E96AF318224F6C3C00ADD2A9 /* ViewController.swift */; };
		E96AF31C224F6C3C00ADD2A9 /* Main.storyboard in Resources */ = {isa = PBXBuildFile; fileRef = E96AF31A224F6C3C00ADD2A9 /* Main.storyboard */; };
		E96AF31E224F6C3D00ADD2A9 /* Assets.xcassets in Resources */ = {isa = PBXBuildFile; fileRef = E96AF31D224F6C3D00ADD2A9 /* Assets.xcassets */; };
		E96AF321224F6C3D00ADD2A9 /* LaunchScreen.storyboard in Resources */ = {isa = PBXBuildFile; fileRef = E96AF31F224F6C3D00ADD2A9 /* LaunchScreen.storyboard */; };
		E96AF32C224F6C3D00ADD2A9 /* instapictureTests.swift in Sources */ = {isa = PBXBuildFile; fileRef = E96AF32B224F6C3D00ADD2A9 /* instapictureTests.swift */; };
		E96AF337224F6C3D00ADD2A9 /* instapictureUITests.swift in Sources */ = {isa = PBXBuildFile; fileRef = E96AF336224F6C3D00ADD2A9 /* instapictureUITests.swift */; };
		E9C8F6E822FD3082009A0092 /* AuthenticationServices.framework in Frameworks */ = {isa = PBXBuildFile; fileRef = E9C8F6E722FD3082009A0092 /* AuthenticationServices.framework */; };
		E9D795B624E5F5090020FA61 /* VideoView.swift in Sources */ = {isa = PBXBuildFile; fileRef = E9D795B524E5F5090020FA61 /* VideoView.swift */; };
		E9D795B824E891650020FA61 /* ImageView.swift in Sources */ = {isa = PBXBuildFile; fileRef = E9D795B724E891650020FA61 /* ImageView.swift */; };
/* End PBXBuildFile section */

/* Begin PBXContainerItemProxy section */
		E96AF328224F6C3D00ADD2A9 /* PBXContainerItemProxy */ = {
			isa = PBXContainerItemProxy;
			containerPortal = E96AF30B224F6C3B00ADD2A9 /* Project object */;
			proxyType = 1;
			remoteGlobalIDString = E96AF312224F6C3C00ADD2A9;
			remoteInfo = instapicture;
		};
		E96AF333224F6C3D00ADD2A9 /* PBXContainerItemProxy */ = {
			isa = PBXContainerItemProxy;
			containerPortal = E96AF30B224F6C3B00ADD2A9 /* Project object */;
			proxyType = 1;
			remoteGlobalIDString = E96AF312224F6C3C00ADD2A9;
			remoteInfo = instapicture;
		};
/* End PBXContainerItemProxy section */

/* Begin PBXFileReference section */
		29C2DF6FC43812B5FF279D57 /* Pods-instapicture.release.xcconfig */ = {isa = PBXFileReference; includeInIndex = 1; lastKnownFileType = text.xcconfig; name = "Pods-instapicture.release.xcconfig"; path = "Pods/Target Support Files/Pods-instapicture/Pods-instapicture.release.xcconfig"; sourceTree = "<group>"; };
		4627FDB58A2EFD54B66C2B61 /* Pods-instapicture.debug.xcconfig */ = {isa = PBXFileReference; includeInIndex = 1; lastKnownFileType = text.xcconfig; name = "Pods-instapicture.debug.xcconfig"; path = "Pods/Target Support Files/Pods-instapicture/Pods-instapicture.debug.xcconfig"; sourceTree = "<group>"; };
		658281BA5C52F97A8EA240AD /* AudioRecorder.swift */ = {isa = PBXFileReference; fileEncoding = 4; lastKnownFileType = sourcecode.swift; path = AudioRecorder.swift; sourceTree = "<group>"; };
		658281D8716FBAB3F82EA06C /* SpinnerViewController.swift */ = {isa = PBXFileReference; fileEncoding = 4; lastKnownFileType = sourcecode.swift; path = SpinnerViewController.swift; sourceTree = "<group>"; };
		658284057999777928EC10EE /* Config.swift */ = {isa = PBXFileReference; fileEncoding = 4; lastKnownFileType = sourcecode.swift; path = Config.swift; sourceTree = "<group>"; };
		658284822F2354D8F07B0BA5 /* FeedController.swift */ = {isa = PBXFileReference; fileEncoding = 4; lastKnownFileType = sourcecode.swift; path = FeedController.swift; sourceTree = "<group>"; };
		E9607950230AFD7500DF0545 /* LoginController.swift */ = {isa = PBXFileReference; lastKnownFileType = sourcecode.swift; path = LoginController.swift; sourceTree = "<group>"; };
		E96AF313224F6C3C00ADD2A9 /* instapicture.app */ = {isa = PBXFileReference; explicitFileType = wrapper.application; includeInIndex = 0; path = instapicture.app; sourceTree = BUILT_PRODUCTS_DIR; };
		E96AF316224F6C3C00ADD2A9 /* AppDelegate.swift */ = {isa = PBXFileReference; lastKnownFileType = sourcecode.swift; path = AppDelegate.swift; sourceTree = "<group>"; };
		E96AF318224F6C3C00ADD2A9 /* ViewController.swift */ = {isa = PBXFileReference; lastKnownFileType = sourcecode.swift; path = ViewController.swift; sourceTree = "<group>"; };
		E96AF31B224F6C3C00ADD2A9 /* Base */ = {isa = PBXFileReference; lastKnownFileType = file.storyboard; name = Base; path = Base.lproj/Main.storyboard; sourceTree = "<group>"; };
		E96AF31D224F6C3D00ADD2A9 /* Assets.xcassets */ = {isa = PBXFileReference; lastKnownFileType = folder.assetcatalog; path = Assets.xcassets; sourceTree = "<group>"; };
		E96AF320224F6C3D00ADD2A9 /* Base */ = {isa = PBXFileReference; lastKnownFileType = file.storyboard; name = Base; path = Base.lproj/LaunchScreen.storyboard; sourceTree = "<group>"; };
		E96AF322224F6C3D00ADD2A9 /* Info.plist */ = {isa = PBXFileReference; lastKnownFileType = text.plist.xml; path = Info.plist; sourceTree = "<group>"; };
		E96AF327224F6C3D00ADD2A9 /* instapictureTests.xctest */ = {isa = PBXFileReference; explicitFileType = wrapper.cfbundle; includeInIndex = 0; path = instapictureTests.xctest; sourceTree = BUILT_PRODUCTS_DIR; };
		E96AF32B224F6C3D00ADD2A9 /* instapictureTests.swift */ = {isa = PBXFileReference; lastKnownFileType = sourcecode.swift; path = instapictureTests.swift; sourceTree = "<group>"; };
		E96AF32D224F6C3D00ADD2A9 /* Info.plist */ = {isa = PBXFileReference; lastKnownFileType = text.plist.xml; path = Info.plist; sourceTree = "<group>"; };
		E96AF332224F6C3D00ADD2A9 /* instapictureUITests.xctest */ = {isa = PBXFileReference; explicitFileType = wrapper.cfbundle; includeInIndex = 0; path = instapictureUITests.xctest; sourceTree = BUILT_PRODUCTS_DIR; };
		E96AF336224F6C3D00ADD2A9 /* instapictureUITests.swift */ = {isa = PBXFileReference; lastKnownFileType = sourcecode.swift; path = instapictureUITests.swift; sourceTree = "<group>"; };
		E96AF338224F6C3D00ADD2A9 /* Info.plist */ = {isa = PBXFileReference; lastKnownFileType = text.plist.xml; path = Info.plist; sourceTree = "<group>"; };
		E9C8F6E622FD3082009A0092 /* instapicture.entitlements */ = {isa = PBXFileReference; lastKnownFileType = text.plist.entitlements; path = instapicture.entitlements; sourceTree = "<group>"; };
		E9C8F6E722FD3082009A0092 /* AuthenticationServices.framework */ = {isa = PBXFileReference; lastKnownFileType = wrapper.framework; name = AuthenticationServices.framework; path = System/Library/Frameworks/AuthenticationServices.framework; sourceTree = SDKROOT; };
		E9D795B524E5F5090020FA61 /* VideoView.swift */ = {isa = PBXFileReference; lastKnownFileType = sourcecode.swift; path = VideoView.swift; sourceTree = "<group>"; };
		E9D795B724E891650020FA61 /* ImageView.swift */ = {isa = PBXFileReference; lastKnownFileType = sourcecode.swift; path = ImageView.swift; sourceTree = "<group>"; };
		EEA2331A1CC361B558F3DE4C /* Pods_instapicture.framework */ = {isa = PBXFileReference; explicitFileType = wrapper.framework; includeInIndex = 0; path = Pods_instapicture.framework; sourceTree = BUILT_PRODUCTS_DIR; };
/* End PBXFileReference section */

/* Begin PBXFrameworksBuildPhase section */
		E96AF310224F6C3C00ADD2A9 /* Frameworks */ = {
			isa = PBXFrameworksBuildPhase;
			buildActionMask = 2147483647;
			files = (
				E9C8F6E822FD3082009A0092 /* AuthenticationServices.framework in Frameworks */,
				AB3FD8F06A17EBCAD7580022 /* Pods_instapicture.framework in Frameworks */,
			);
			runOnlyForDeploymentPostprocessing = 0;
		};
		E96AF324224F6C3D00ADD2A9 /* Frameworks */ = {
			isa = PBXFrameworksBuildPhase;
			buildActionMask = 2147483647;
			files = (
			);
			runOnlyForDeploymentPostprocessing = 0;
		};
		E96AF32F224F6C3D00ADD2A9 /* Frameworks */ = {
			isa = PBXFrameworksBuildPhase;
			buildActionMask = 2147483647;
			files = (
			);
			runOnlyForDeploymentPostprocessing = 0;
		};
/* End PBXFrameworksBuildPhase section */

/* Begin PBXGroup section */
		D640AFA03F525C35067DA0DA /* Pods */ = {
			isa = PBXGroup;
			children = (
				4627FDB58A2EFD54B66C2B61 /* Pods-instapicture.debug.xcconfig */,
				29C2DF6FC43812B5FF279D57 /* Pods-instapicture.release.xcconfig */,
			);
			name = Pods;
			sourceTree = "<group>";
		};
		DF6DA79EAD11ED1FF79EE8C1 /* Frameworks */ = {
			isa = PBXGroup;
			children = (
				E9C8F6E722FD3082009A0092 /* AuthenticationServices.framework */,
				EEA2331A1CC361B558F3DE4C /* Pods_instapicture.framework */,
			);
			name = Frameworks;
			sourceTree = "<group>";
		};
		E96AF30A224F6C3B00ADD2A9 = {
			isa = PBXGroup;
			children = (
				E96AF315224F6C3C00ADD2A9 /* instapicture */,
				E96AF32A224F6C3D00ADD2A9 /* instapictureTests */,
				E96AF335224F6C3D00ADD2A9 /* instapictureUITests */,
				E96AF314224F6C3C00ADD2A9 /* Products */,
				D640AFA03F525C35067DA0DA /* Pods */,
				DF6DA79EAD11ED1FF79EE8C1 /* Frameworks */,
			);
			sourceTree = "<group>";
		};
		E96AF314224F6C3C00ADD2A9 /* Products */ = {
			isa = PBXGroup;
			children = (
				E96AF313224F6C3C00ADD2A9 /* instapicture.app */,
				E96AF327224F6C3D00ADD2A9 /* instapictureTests.xctest */,
				E96AF332224F6C3D00ADD2A9 /* instapictureUITests.xctest */,
			);
			name = Products;
			sourceTree = "<group>";
		};
		E96AF315224F6C3C00ADD2A9 /* instapicture */ = {
			isa = PBXGroup;
			children = (
				E9C8F6E622FD3082009A0092 /* instapicture.entitlements */,
				E96AF316224F6C3C00ADD2A9 /* AppDelegate.swift */,
				E96AF318224F6C3C00ADD2A9 /* ViewController.swift */,
				E96AF31A224F6C3C00ADD2A9 /* Main.storyboard */,
				E9607950230AFD7500DF0545 /* LoginController.swift */,
				E96AF31D224F6C3D00ADD2A9 /* Assets.xcassets */,
				E96AF31F224F6C3D00ADD2A9 /* LaunchScreen.storyboard */,
				E96AF322224F6C3D00ADD2A9 /* Info.plist */,
				658284057999777928EC10EE /* Config.swift */,
				658281BA5C52F97A8EA240AD /* AudioRecorder.swift */,
				658284822F2354D8F07B0BA5 /* FeedController.swift */,
				E9D795B724E891650020FA61 /* ImageView.swift */,
				E9D795B524E5F5090020FA61 /* VideoView.swift */,
				658281D8716FBAB3F82EA06C /* SpinnerViewController.swift */,
			);
			path = instapicture;
			sourceTree = "<group>";
		};
		E96AF32A224F6C3D00ADD2A9 /* instapictureTests */ = {
			isa = PBXGroup;
			children = (
				E96AF32B224F6C3D00ADD2A9 /* instapictureTests.swift */,
				E96AF32D224F6C3D00ADD2A9 /* Info.plist */,
			);
			path = instapictureTests;
			sourceTree = "<group>";
		};
		E96AF335224F6C3D00ADD2A9 /* instapictureUITests */ = {
			isa = PBXGroup;
			children = (
				E96AF336224F6C3D00ADD2A9 /* instapictureUITests.swift */,
				E96AF338224F6C3D00ADD2A9 /* Info.plist */,
			);
			path = instapictureUITests;
			sourceTree = "<group>";
		};
/* End PBXGroup section */

/* Begin PBXNativeTarget section */
		E96AF312224F6C3C00ADD2A9 /* instapicture */ = {
			isa = PBXNativeTarget;
			buildConfigurationList = E96AF33B224F6C3D00ADD2A9 /* Build configuration list for PBXNativeTarget "instapicture" */;
			buildPhases = (
				901A8ED0AB934E6FC0C755E3 /* [CP] Check Pods Manifest.lock */,
				E96AF30F224F6C3C00ADD2A9 /* Sources */,
				E96AF310224F6C3C00ADD2A9 /* Frameworks */,
				E96AF311224F6C3C00ADD2A9 /* Resources */,
				F3A906B50F1ACF31D3018B1E /* [CP] Embed Pods Frameworks */,
			);
			buildRules = (
			);
			dependencies = (
			);
			name = instapicture;
			productName = instapicture;
			productReference = E96AF313224F6C3C00ADD2A9 /* instapicture.app */;
			productType = "com.apple.product-type.application";
		};
		E96AF326224F6C3D00ADD2A9 /* instapictureTests */ = {
			isa = PBXNativeTarget;
			buildConfigurationList = E96AF33E224F6C3D00ADD2A9 /* Build configuration list for PBXNativeTarget "instapictureTests" */;
			buildPhases = (
				E96AF323224F6C3D00ADD2A9 /* Sources */,
				E96AF324224F6C3D00ADD2A9 /* Frameworks */,
				E96AF325224F6C3D00ADD2A9 /* Resources */,
			);
			buildRules = (
			);
			dependencies = (
				E96AF329224F6C3D00ADD2A9 /* PBXTargetDependency */,
			);
			name = instapictureTests;
			productName = instapictureTests;
			productReference = E96AF327224F6C3D00ADD2A9 /* instapictureTests.xctest */;
			productType = "com.apple.product-type.bundle.unit-test";
		};
		E96AF331224F6C3D00ADD2A9 /* instapictureUITests */ = {
			isa = PBXNativeTarget;
			buildConfigurationList = E96AF341224F6C3D00ADD2A9 /* Build configuration list for PBXNativeTarget "instapictureUITests" */;
			buildPhases = (
				E96AF32E224F6C3D00ADD2A9 /* Sources */,
				E96AF32F224F6C3D00ADD2A9 /* Frameworks */,
				E96AF330224F6C3D00ADD2A9 /* Resources */,
			);
			buildRules = (
			);
			dependencies = (
				E96AF334224F6C3D00ADD2A9 /* PBXTargetDependency */,
			);
			name = instapictureUITests;
			productName = instapictureUITests;
			productReference = E96AF332224F6C3D00ADD2A9 /* instapictureUITests.xctest */;
			productType = "com.apple.product-type.bundle.ui-testing";
		};
/* End PBXNativeTarget section */

/* Begin PBXProject section */
		E96AF30B224F6C3B00ADD2A9 /* Project object */ = {
			isa = PBXProject;
			attributes = {
				LastSwiftUpdateCheck = 1010;
				LastUpgradeCheck = 1010;
				ORGANIZATIONNAME = "Pavel Zaitsev";
				TargetAttributes = {
					E96AF312224F6C3C00ADD2A9 = {
						CreatedOnToolsVersion = 10.1;
						LastSwiftMigration = 1010;
						SystemCapabilities = {
							com.apple.AutoFillCredentialProvider = {
								enabled = 1;
							};
						};
					};
					E96AF326224F6C3D00ADD2A9 = {
						CreatedOnToolsVersion = 10.1;
						TestTargetID = E96AF312224F6C3C00ADD2A9;
					};
					E96AF331224F6C3D00ADD2A9 = {
						CreatedOnToolsVersion = 10.1;
						TestTargetID = E96AF312224F6C3C00ADD2A9;
					};
				};
			};
			buildConfigurationList = E96AF30E224F6C3B00ADD2A9 /* Build configuration list for PBXProject "instapicture" */;
			compatibilityVersion = "Xcode 9.3";
			developmentRegion = en;
			hasScannedForEncodings = 0;
			knownRegions = (
				en,
				Base,
			);
			mainGroup = E96AF30A224F6C3B00ADD2A9;
			productRefGroup = E96AF314224F6C3C00ADD2A9 /* Products */;
			projectDirPath = "";
			projectRoot = "";
			targets = (
				E96AF312224F6C3C00ADD2A9 /* instapicture */,
				E96AF326224F6C3D00ADD2A9 /* instapictureTests */,
				E96AF331224F6C3D00ADD2A9 /* instapictureUITests */,
			);
		};
/* End PBXProject section */

/* Begin PBXResourcesBuildPhase section */
		E96AF311224F6C3C00ADD2A9 /* Resources */ = {
			isa = PBXResourcesBuildPhase;
			buildActionMask = 2147483647;
			files = (
				E96AF321224F6C3D00ADD2A9 /* LaunchScreen.storyboard in Resources */,
				E96AF31E224F6C3D00ADD2A9 /* Assets.xcassets in Resources */,
				E96AF31C224F6C3C00ADD2A9 /* Main.storyboard in Resources */,
			);
			runOnlyForDeploymentPostprocessing = 0;
		};
		E96AF325224F6C3D00ADD2A9 /* Resources */ = {
			isa = PBXResourcesBuildPhase;
			buildActionMask = 2147483647;
			files = (
			);
			runOnlyForDeploymentPostprocessing = 0;
		};
		E96AF330224F6C3D00ADD2A9 /* Resources */ = {
			isa = PBXResourcesBuildPhase;
			buildActionMask = 2147483647;
			files = (
			);
			runOnlyForDeploymentPostprocessing = 0;
		};
/* End PBXResourcesBuildPhase section */

/* Begin PBXShellScriptBuildPhase section */
		901A8ED0AB934E6FC0C755E3 /* [CP] Check Pods Manifest.lock */ = {
			isa = PBXShellScriptBuildPhase;
			buildActionMask = 2147483647;
			files = (
			);
			inputPaths = (
				"${PODS_PODFILE_DIR_PATH}/Podfile.lock",
				"${PODS_ROOT}/Manifest.lock",
			);
			name = "[CP] Check Pods Manifest.lock";
			outputPaths = (
				"$(DERIVED_FILE_DIR)/Pods-instapicture-checkManifestLockResult.txt",
			);
			runOnlyForDeploymentPostprocessing = 0;
			shellPath = /bin/sh;
			shellScript = "diff \"${PODS_PODFILE_DIR_PATH}/Podfile.lock\" \"${PODS_ROOT}/Manifest.lock\" > /dev/null\nif [ $? != 0 ] ; then\n    # print error to STDERR\n    echo \"error: The sandbox is not in sync with the Podfile.lock. Run 'pod install' or update your CocoaPods installation.\" >&2\n    exit 1\nfi\n# This output is used by Xcode 'outputs' to avoid re-running this script phase.\necho \"SUCCESS\" > \"${SCRIPT_OUTPUT_FILE_0}\"\n";
			showEnvVarsInLog = 0;
		};
		F3A906B50F1ACF31D3018B1E /* [CP] Embed Pods Frameworks */ = {
			isa = PBXShellScriptBuildPhase;
			buildActionMask = 2147483647;
			files = (
			);
			inputFileListPaths = (
				"${PODS_ROOT}/Target Support Files/Pods-instapicture/Pods-instapicture-frameworks-${CONFIGURATION}-input-files.xcfilelist",
			);
			name = "[CP] Embed Pods Frameworks";
			outputFileListPaths = (
				"${PODS_ROOT}/Target Support Files/Pods-instapicture/Pods-instapicture-frameworks-${CONFIGURATION}-output-files.xcfilelist",
			);
			runOnlyForDeploymentPostprocessing = 0;
			shellPath = /bin/sh;
			shellScript = "\"${PODS_ROOT}/Target Support Files/Pods-instapicture/Pods-instapicture-frameworks.sh\"\n";
			showEnvVarsInLog = 0;
		};
/* End PBXShellScriptBuildPhase section */

/* Begin PBXSourcesBuildPhase section */
		E96AF30F224F6C3C00ADD2A9 /* Sources */ = {
			isa = PBXSourcesBuildPhase;
			buildActionMask = 2147483647;
			files = (
				E9D795B824E891650020FA61 /* ImageView.swift in Sources */,
				E96AF319224F6C3C00ADD2A9 /* ViewController.swift in Sources */,
				E9D795B624E5F5090020FA61 /* VideoView.swift in Sources */,
				E9607951230AFD7500DF0545 /* LoginController.swift in Sources */,
				E96AF317224F6C3C00ADD2A9 /* AppDelegate.swift in Sources */,
				65828E9D4A9DD9B9F6457EEA /* Config.swift in Sources */,
				65828575F7EDC9FB99688EFE /* AudioRecorder.swift in Sources */,
				6582800B1A1A4FA3E4FDFA08 /* FeedController.swift in Sources */,
				65828C9B4E1942E6D9EFDB7E /* SpinnerViewController.swift in Sources */,
			);
			runOnlyForDeploymentPostprocessing = 0;
		};
		E96AF323224F6C3D00ADD2A9 /* Sources */ = {
			isa = PBXSourcesBuildPhase;
			buildActionMask = 2147483647;
			files = (
				E96AF32C224F6C3D00ADD2A9 /* instapictureTests.swift in Sources */,
			);
			runOnlyForDeploymentPostprocessing = 0;
		};
		E96AF32E224F6C3D00ADD2A9 /* Sources */ = {
			isa = PBXSourcesBuildPhase;
			buildActionMask = 2147483647;
			files = (
				E96AF337224F6C3D00ADD2A9 /* instapictureUITests.swift in Sources */,
			);
			runOnlyForDeploymentPostprocessing = 0;
		};
/* End PBXSourcesBuildPhase section */

/* Begin PBXTargetDependency section */
		E96AF329224F6C3D00ADD2A9 /* PBXTargetDependency */ = {
			isa = PBXTargetDependency;
			target = E96AF312224F6C3C00ADD2A9 /* instapicture */;
			targetProxy = E96AF328224F6C3D00ADD2A9 /* PBXContainerItemProxy */;
		};
		E96AF334224F6C3D00ADD2A9 /* PBXTargetDependency */ = {
			isa = PBXTargetDependency;
			target = E96AF312224F6C3C00ADD2A9 /* instapicture */;
			targetProxy = E96AF333224F6C3D00ADD2A9 /* PBXContainerItemProxy */;
		};
/* End PBXTargetDependency section */

/* Begin PBXVariantGroup section */
		E96AF31A224F6C3C00ADD2A9 /* Main.storyboard */ = {
			isa = PBXVariantGroup;
			children = (
				E96AF31B224F6C3C00ADD2A9 /* Base */,
			);
			name = Main.storyboard;
			sourceTree = "<group>";
		};
		E96AF31F224F6C3D00ADD2A9 /* LaunchScreen.storyboard */ = {
			isa = PBXVariantGroup;
			children = (
				E96AF320224F6C3D00ADD2A9 /* Base */,
			);
			name = LaunchScreen.storyboard;
			sourceTree = "<group>";
		};
/* End PBXVariantGroup section */

/* Begin XCBuildConfiguration section */
		E96AF339224F6C3D00ADD2A9 /* Debug */ = {
			isa = XCBuildConfiguration;
			buildSettings = {
				ALWAYS_SEARCH_USER_PATHS = NO;
				CLANG_ANALYZER_NONNULL = YES;
				CLANG_ANALYZER_NUMBER_OBJECT_CONVERSION = YES_AGGRESSIVE;
				CLANG_CXX_LANGUAGE_STANDARD = "gnu++14";
				CLANG_CXX_LIBRARY = "libc++";
				CLANG_ENABLE_MODULES = YES;
				CLANG_ENABLE_OBJC_ARC = YES;
				CLANG_ENABLE_OBJC_WEAK = YES;
				CLANG_WARN_BLOCK_CAPTURE_AUTORELEASING = YES;
				CLANG_WARN_BOOL_CONVERSION = YES;
				CLANG_WARN_COMMA = YES;
				CLANG_WARN_CONSTANT_CONVERSION = YES;
				CLANG_WARN_DEPRECATED_OBJC_IMPLEMENTATIONS = YES;
				CLANG_WARN_DIRECT_OBJC_ISA_USAGE = YES_ERROR;
				CLANG_WARN_DOCUMENTATION_COMMENTS = YES;
				CLANG_WARN_EMPTY_BODY = YES;
				CLANG_WARN_ENUM_CONVERSION = YES;
				CLANG_WARN_INFINITE_RECURSION = YES;
				CLANG_WARN_INT_CONVERSION = YES;
				CLANG_WARN_NON_LITERAL_NULL_CONVERSION = YES;
				CLANG_WARN_OBJC_IMPLICIT_RETAIN_SELF = YES;
				CLANG_WARN_OBJC_LITERAL_CONVERSION = YES;
				CLANG_WARN_OBJC_ROOT_CLASS = YES_ERROR;
				CLANG_WARN_RANGE_LOOP_ANALYSIS = YES;
				CLANG_WARN_STRICT_PROTOTYPES = YES;
				CLANG_WARN_SUSPICIOUS_MOVE = YES;
				CLANG_WARN_UNGUARDED_AVAILABILITY = YES_AGGRESSIVE;
				CLANG_WARN_UNREACHABLE_CODE = YES;
				CLANG_WARN__DUPLICATE_METHOD_MATCH = YES;
				CODE_SIGN_IDENTITY = "iPhone Developer";
				COPY_PHASE_STRIP = NO;
				DEBUG_INFORMATION_FORMAT = dwarf;
				ENABLE_STRICT_OBJC_MSGSEND = YES;
				ENABLE_TESTABILITY = YES;
				GCC_C_LANGUAGE_STANDARD = gnu11;
				GCC_DYNAMIC_NO_PIC = NO;
				GCC_NO_COMMON_BLOCKS = YES;
				GCC_OPTIMIZATION_LEVEL = 0;
				GCC_PREPROCESSOR_DEFINITIONS = (
					"DEBUG=1",
					"$(inherited)",
				);
				GCC_WARN_64_TO_32_BIT_CONVERSION = YES;
				GCC_WARN_ABOUT_RETURN_TYPE = YES_ERROR;
				GCC_WARN_UNDECLARED_SELECTOR = YES;
				GCC_WARN_UNINITIALIZED_AUTOS = YES_AGGRESSIVE;
				GCC_WARN_UNUSED_FUNCTION = YES;
				GCC_WARN_UNUSED_VARIABLE = YES;
				IPHONEOS_DEPLOYMENT_TARGET = 14.5;
				MTL_ENABLE_DEBUG_INFO = INCLUDE_SOURCE;
				MTL_FAST_MATH = YES;
				ONLY_ACTIVE_ARCH = YES;
				SDKROOT = iphoneos;
				SWIFT_ACTIVE_COMPILATION_CONDITIONS = DEBUG;
				SWIFT_OPTIMIZATION_LEVEL = "-Onone";
			};
			name = Debug;
		};
		E96AF33A224F6C3D00ADD2A9 /* Release */ = {
			isa = XCBuildConfiguration;
			buildSettings = {
				ALWAYS_SEARCH_USER_PATHS = NO;
				CLANG_ANALYZER_NONNULL = YES;
				CLANG_ANALYZER_NUMBER_OBJECT_CONVERSION = YES_AGGRESSIVE;
				CLANG_CXX_LANGUAGE_STANDARD = "gnu++14";
				CLANG_CXX_LIBRARY = "libc++";
				CLANG_ENABLE_MODULES = YES;
				CLANG_ENABLE_OBJC_ARC = YES;
				CLANG_ENABLE_OBJC_WEAK = YES;
				CLANG_WARN_BLOCK_CAPTURE_AUTORELEASING = YES;
				CLANG_WARN_BOOL_CONVERSION = YES;
				CLANG_WARN_COMMA = YES;
				CLANG_WARN_CONSTANT_CONVERSION = YES;
				CLANG_WARN_DEPRECATED_OBJC_IMPLEMENTATIONS = YES;
				CLANG_WARN_DIRECT_OBJC_ISA_USAGE = YES_ERROR;
				CLANG_WARN_DOCUMENTATION_COMMENTS = YES;
				CLANG_WARN_EMPTY_BODY = YES;
				CLANG_WARN_ENUM_CONVERSION = YES;
				CLANG_WARN_INFINITE_RECURSION = YES;
				CLANG_WARN_INT_CONVERSION = YES;
				CLANG_WARN_NON_LITERAL_NULL_CONVERSION = YES;
				CLANG_WARN_OBJC_IMPLICIT_RETAIN_SELF = YES;
				CLANG_WARN_OBJC_LITERAL_CONVERSION = YES;
				CLANG_WARN_OBJC_ROOT_CLASS = YES_ERROR;
				CLANG_WARN_RANGE_LOOP_ANALYSIS = YES;
				CLANG_WARN_STRICT_PROTOTYPES = YES;
				CLANG_WARN_SUSPICIOUS_MOVE = YES;
				CLANG_WARN_UNGUARDED_AVAILABILITY = YES_AGGRESSIVE;
				CLANG_WARN_UNREACHABLE_CODE = YES;
				CLANG_WARN__DUPLICATE_METHOD_MATCH = YES;
				CODE_SIGN_IDENTITY = "iPhone Developer";
				COPY_PHASE_STRIP = NO;
				DEBUG_INFORMATION_FORMAT = "dwarf-with-dsym";
				ENABLE_NS_ASSERTIONS = NO;
				ENABLE_STRICT_OBJC_MSGSEND = YES;
				GCC_C_LANGUAGE_STANDARD = gnu11;
				GCC_NO_COMMON_BLOCKS = YES;
				GCC_WARN_64_TO_32_BIT_CONVERSION = YES;
				GCC_WARN_ABOUT_RETURN_TYPE = YES_ERROR;
				GCC_WARN_UNDECLARED_SELECTOR = YES;
				GCC_WARN_UNINITIALIZED_AUTOS = YES_AGGRESSIVE;
				GCC_WARN_UNUSED_FUNCTION = YES;
				GCC_WARN_UNUSED_VARIABLE = YES;
				IPHONEOS_DEPLOYMENT_TARGET = 14.5;
				MTL_ENABLE_DEBUG_INFO = NO;
				MTL_FAST_MATH = YES;
				SDKROOT = iphoneos;
				SWIFT_COMPILATION_MODE = wholemodule;
				SWIFT_OPTIMIZATION_LEVEL = "-O";
				VALIDATE_PRODUCT = YES;
			};
			name = Release;
		};
		E96AF33C224F6C3D00ADD2A9 /* Debug */ = {
			isa = XCBuildConfiguration;
			baseConfigurationReference = 4627FDB58A2EFD54B66C2B61 /* Pods-instapicture.debug.xcconfig */;
			buildSettings = {
				ASSETCATALOG_COMPILER_APPICON_NAME = AppIcon;
				CLANG_ENABLE_MODULES = YES;
				CODE_SIGN_ENTITLEMENTS = instapicture/instapicture.entitlements;
				CODE_SIGN_IDENTITY = "Apple Development";
				CODE_SIGN_STYLE = Automatic;
				DEVELOPMENT_TEAM = S95Q96986P;
				INFOPLIST_FILE = instapicture/Info.plist;
				IPHONEOS_DEPLOYMENT_TARGET = 12.1;
				LD_RUNPATH_SEARCH_PATHS = (
					"$(inherited)",
					"@executable_path/Frameworks",
				);
				PRODUCT_BUNDLE_IDENTIFIER = arslogica.instapicture;
				PRODUCT_NAME = "$(TARGET_NAME)";
				PROVISIONING_PROFILE_SPECIFIER = "";
				SWIFT_OPTIMIZATION_LEVEL = "-Onone";
				SWIFT_VERSION = 4.2;
				TARGETED_DEVICE_FAMILY = "1,2";
			};
			name = Debug;
		};
		E96AF33D224F6C3D00ADD2A9 /* Release */ = {
			isa = XCBuildConfiguration;
			baseConfigurationReference = 29C2DF6FC43812B5FF279D57 /* Pods-instapicture.release.xcconfig */;
			buildSettings = {
				ASSETCATALOG_COMPILER_APPICON_NAME = AppIcon;
				CLANG_ENABLE_MODULES = YES;
				CODE_SIGN_ENTITLEMENTS = instapicture/instapicture.entitlements;
				CODE_SIGN_IDENTITY = "Apple Development";
				CODE_SIGN_STYLE = Automatic;
				DEVELOPMENT_TEAM = S95Q96986P;
				INFOPLIST_FILE = instapicture/Info.plist;
				IPHONEOS_DEPLOYMENT_TARGET = 12.1;
				LD_RUNPATH_SEARCH_PATHS = (
					"$(inherited)",
					"@executable_path/Frameworks",
				);
				PRODUCT_BUNDLE_IDENTIFIER = arslogica.instapicture;
				PRODUCT_NAME = "$(TARGET_NAME)";
				PROVISIONING_PROFILE_SPECIFIER = "";
				SWIFT_VERSION = 4.2;
				TARGETED_DEVICE_FAMILY = "1,2";
			};
			name = Release;
		};
		E96AF33F224F6C3D00ADD2A9 /* Debug */ = {
			isa = XCBuildConfiguration;
			buildSettings = {
				ALWAYS_EMBED_SWIFT_STANDARD_LIBRARIES = YES;
				BUNDLE_LOADER = "$(TEST_HOST)";
				CODE_SIGN_STYLE = Automatic;
				DEVELOPMENT_TEAM = S95Q96986P;
				INFOPLIST_FILE = instapictureTests/Info.plist;
				LD_RUNPATH_SEARCH_PATHS = (
					"$(inherited)",
					"@executable_path/Frameworks",
					"@loader_path/Frameworks",
				);
				PRODUCT_BUNDLE_IDENTIFIER = arslogica.instapictureTests;
				PRODUCT_NAME = "$(TARGET_NAME)";
				SWIFT_VERSION = 4.2;
				TARGETED_DEVICE_FAMILY = "1,2";
				TEST_HOST = "$(BUILT_PRODUCTS_DIR)/instapicture.app/instapicture";
			};
			name = Debug;
		};
		E96AF340224F6C3D00ADD2A9 /* Release */ = {
			isa = XCBuildConfiguration;
			buildSettings = {
				ALWAYS_EMBED_SWIFT_STANDARD_LIBRARIES = YES;
				BUNDLE_LOADER = "$(TEST_HOST)";
				CODE_SIGN_STYLE = Automatic;
				DEVELOPMENT_TEAM = S95Q96986P;
				INFOPLIST_FILE = instapictureTests/Info.plist;
				LD_RUNPATH_SEARCH_PATHS = (
					"$(inherited)",
					"@executable_path/Frameworks",
					"@loader_path/Frameworks",
				);
				PRODUCT_BUNDLE_IDENTIFIER = arslogica.instapictureTests;
				PRODUCT_NAME = "$(TARGET_NAME)";
				SWIFT_VERSION = 4.2;
				TARGETED_DEVICE_FAMILY = "1,2";
				TEST_HOST = "$(BUILT_PRODUCTS_DIR)/instapicture.app/instapicture";
			};
			name = Release;
		};
		E96AF342224F6C3D00ADD2A9 /* Debug */ = {
			isa = XCBuildConfiguration;
			buildSettings = {
				ALWAYS_EMBED_SWIFT_STANDARD_LIBRARIES = YES;
				CODE_SIGN_STYLE = Automatic;
				DEVELOPMENT_TEAM = S95Q96986P;
				INFOPLIST_FILE = instapictureUITests/Info.plist;
				LD_RUNPATH_SEARCH_PATHS = (
					"$(inherited)",
					"@executable_path/Frameworks",
					"@loader_path/Frameworks",
				);
				PRODUCT_BUNDLE_IDENTIFIER = arslogica.instapictureUITests;
				PRODUCT_NAME = "$(TARGET_NAME)";
				SWIFT_VERSION = 4.2;
				TARGETED_DEVICE_FAMILY = "1,2";
				TEST_TARGET_NAME = instapicture;
			};
			name = Debug;
		};
		E96AF343224F6C3D00ADD2A9 /* Release */ = {
			isa = XCBuildConfiguration;
			buildSettings = {
				ALWAYS_EMBED_SWIFT_STANDARD_LIBRARIES = YES;
				CODE_SIGN_STYLE = Automatic;
				DEVELOPMENT_TEAM = S95Q96986P;
				INFOPLIST_FILE = instapictureUITests/Info.plist;
				LD_RUNPATH_SEARCH_PATHS = (
					"$(inherited)",
					"@executable_path/Frameworks",
					"@loader_path/Frameworks",
				);
				PRODUCT_BUNDLE_IDENTIFIER = arslogica.instapictureUITests;
				PRODUCT_NAME = "$(TARGET_NAME)";
				SWIFT_VERSION = 4.2;
				TARGETED_DEVICE_FAMILY = "1,2";
				TEST_TARGET_NAME = instapicture;
			};
			name = Release;
		};
/* End XCBuildConfiguration section */

/* Begin XCConfigurationList section */
		E96AF30E224F6C3B00ADD2A9 /* Build configuration list for PBXProject "instapicture" */ = {
			isa = XCConfigurationList;
			buildConfigurations = (
				E96AF339224F6C3D00ADD2A9 /* Debug */,
				E96AF33A224F6C3D00ADD2A9 /* Release */,
			);
			defaultConfigurationIsVisible = 0;
			defaultConfigurationName = Debug;
		};
		E96AF33B224F6C3D00ADD2A9 /* Build configuration list for PBXNativeTarget "instapicture" */ = {
			isa = XCConfigurationList;
			buildConfigurations = (
				E96AF33C224F6C3D00ADD2A9 /* Debug */,
				E96AF33D224F6C3D00ADD2A9 /* Release */,
			);
			defaultConfigurationIsVisible = 0;
			defaultConfigurationName = Debug;
		};
		E96AF33E224F6C3D00ADD2A9 /* Build configuration list for PBXNativeTarget "instapictureTests" */ = {
			isa = XCConfigurationList;
			buildConfigurations = (
				E96AF33F224F6C3D00ADD2A9 /* Debug */,
				E96AF340224F6C3D00ADD2A9 /* Release */,
			);
			defaultConfigurationIsVisible = 0;
			defaultConfigurationName = Debug;
		};
		E96AF341224F6C3D00ADD2A9 /* Build configuration list for PBXNativeTarget "instapictureUITests" */ = {
			isa = XCConfigurationList;
			buildConfigurations = (
				E96AF342224F6C3D00ADD2A9 /* Debug */,
				E96AF343224F6C3D00ADD2A9 /* Release */,
			);
			defaultConfigurationIsVisible = 0;
			defaultConfigurationName = Debug;
		};
/* End XCConfigurationList section */
	};
	rootObject = E96AF30B224F6C3B00ADD2A9 /* Project object */;
}
